// !$*UTF8*$!
{
	archiveVersion = 1;
	classes = {
	};
	objectVersion = 50;
	objects = {

/* Begin PBXBuildFile section */
		CA1E530525D5449100E14FA3 /* Settings.swift in Sources */ = {isa = PBXBuildFile; fileRef = CA1E530425D5449100E14FA3 /* Settings.swift */; };
		CA7C43D625D2A18A00532042 /* AppDelegate.swift in Sources */ = {isa = PBXBuildFile; fileRef = CA7C43D525D2A18A00532042 /* AppDelegate.swift */; };
		CA7C43D825D2A18A00532042 /* SceneDelegate.swift in Sources */ = {isa = PBXBuildFile; fileRef = CA7C43D725D2A18A00532042 /* SceneDelegate.swift */; };
		CA7C43DA25D2A18A00532042 /* ViewController.swift in Sources */ = {isa = PBXBuildFile; fileRef = CA7C43D925D2A18A00532042 /* ViewController.swift */; };
		CA7C43DD25D2A18A00532042 /* Main.storyboard in Resources */ = {isa = PBXBuildFile; fileRef = CA7C43DB25D2A18A00532042 /* Main.storyboard */; };
		CA7C43DF25D2A18B00532042 /* Assets.xcassets in Resources */ = {isa = PBXBuildFile; fileRef = CA7C43DE25D2A18B00532042 /* Assets.xcassets */; };
		CA7C43E225D2A18B00532042 /* LaunchScreen.storyboard in Resources */ = {isa = PBXBuildFile; fileRef = CA7C43E025D2A18B00532042 /* LaunchScreen.storyboard */; };
		CA7C43EB25D2AA9700532042 /* Util.swift in Sources */ = {isa = PBXBuildFile; fileRef = CA7C43EA25D2AA9700532042 /* Util.swift */; };
/* End PBXBuildFile section */

/* Begin PBXFileReference section */
		CA1E530425D5449100E14FA3 /* Settings.swift */ = {isa = PBXFileReference; lastKnownFileType = sourcecode.swift; path = Settings.swift; sourceTree = "<group>"; };
		CA7C43D225D2A18A00532042 /* 3-Days.app */ = {isa = PBXFileReference; explicitFileType = wrapper.application; includeInIndex = 0; path = "3-Days.app"; sourceTree = BUILT_PRODUCTS_DIR; };
		CA7C43D525D2A18A00532042 /* AppDelegate.swift */ = {isa = PBXFileReference; lastKnownFileType = sourcecode.swift; path = AppDelegate.swift; sourceTree = "<group>"; };
		CA7C43D725D2A18A00532042 /* SceneDelegate.swift */ = {isa = PBXFileReference; lastKnownFileType = sourcecode.swift; path = SceneDelegate.swift; sourceTree = "<group>"; };
		CA7C43D925D2A18A00532042 /* ViewController.swift */ = {isa = PBXFileReference; lastKnownFileType = sourcecode.swift; path = ViewController.swift; sourceTree = "<group>"; };
		CA7C43DC25D2A18A00532042 /* Base */ = {isa = PBXFileReference; lastKnownFileType = file.storyboard; name = Base; path = Base.lproj/Main.storyboard; sourceTree = "<group>"; };
		CA7C43DE25D2A18B00532042 /* Assets.xcassets */ = {isa = PBXFileReference; lastKnownFileType = folder.assetcatalog; path = Assets.xcassets; sourceTree = "<group>"; };
		CA7C43E125D2A18B00532042 /* Base */ = {isa = PBXFileReference; lastKnownFileType = file.storyboard; name = Base; path = Base.lproj/LaunchScreen.storyboard; sourceTree = "<group>"; };
		CA7C43E325D2A18B00532042 /* Info.plist */ = {isa = PBXFileReference; lastKnownFileType = text.plist.xml; path = Info.plist; sourceTree = "<group>"; };
		CA7C43EA25D2AA9700532042 /* Util.swift */ = {isa = PBXFileReference; lastKnownFileType = sourcecode.swift; path = Util.swift; sourceTree = "<group>"; };
/* End PBXFileReference section */

/* Begin PBXFrameworksBuildPhase section */
		CA7C43CF25D2A18A00532042 /* Frameworks */ = {
			isa = PBXFrameworksBuildPhase;
			buildActionMask = 2147483647;
			files = (
			);
			runOnlyForDeploymentPostprocessing = 0;
		};
/* End PBXFrameworksBuildPhase section */

/* Begin PBXGroup section */
		CA7C43C925D2A18A00532042 = {
			isa = PBXGroup;
			children = (
				CA7C43D425D2A18A00532042 /* 3-Days */,
				CA7C43D325D2A18A00532042 /* Products */,
			);
			sourceTree = "<group>";
		};
		CA7C43D325D2A18A00532042 /* Products */ = {
			isa = PBXGroup;
			children = (
				CA7C43D225D2A18A00532042 /* 3-Days.app */,
			);
			name = Products;
			sourceTree = "<group>";
		};
		CA7C43D425D2A18A00532042 /* 3-Days */ = {
			isa = PBXGroup;
			children = (
				CA7C43D525D2A18A00532042 /* AppDelegate.swift */,
				CA7C43D725D2A18A00532042 /* SceneDelegate.swift */,
				CA7C43D925D2A18A00532042 /* ViewController.swift */,
				CA7C43DB25D2A18A00532042 /* Main.storyboard */,
				CA7C43DE25D2A18B00532042 /* Assets.xcassets */,
				CA7C43E025D2A18B00532042 /* LaunchScreen.storyboard */,
				CA7C43E325D2A18B00532042 /* Info.plist */,
				CA7C43EA25D2AA9700532042 /* Util.swift */,
				CA1E530425D5449100E14FA3 /* Settings.swift */,
			);
			path = "3-Days";
			sourceTree = "<group>";
		};
/* End PBXGroup section */

/* Begin PBXNativeTarget section */
		CA7C43D125D2A18A00532042 /* 3-Days */ = {
			isa = PBXNativeTarget;
			buildConfigurationList = CA7C43E625D2A18B00532042 /* Build configuration list for PBXNativeTarget "3-Days" */;
			buildPhases = (
				CA7C43CE25D2A18A00532042 /* Sources */,
				CA7C43CF25D2A18A00532042 /* Frameworks */,
				CA7C43D025D2A18A00532042 /* Resources */,
			);
			buildRules = (
			);
			dependencies = (
			);
			name = "3-Days";
			productName = "3-Days";
			productReference = CA7C43D225D2A18A00532042 /* 3-Days.app */;
			productType = "com.apple.product-type.application";
		};
/* End PBXNativeTarget section */

/* Begin PBXProject section */
		CA7C43CA25D2A18A00532042 /* Project object */ = {
			isa = PBXProject;
			attributes = {
				LastSwiftUpdateCheck = 1240;
				LastUpgradeCheck = 1240;
				TargetAttributes = {
					CA7C43D125D2A18A00532042 = {
						CreatedOnToolsVersion = 12.4;
					};
				};
			};
			buildConfigurationList = CA7C43CD25D2A18A00532042 /* Build configuration list for PBXProject "3-Days" */;
			compatibilityVersion = "Xcode 9.3";
			developmentRegion = en;
			hasScannedForEncodings = 0;
			knownRegions = (
				en,
				Base,
			);
			mainGroup = CA7C43C925D2A18A00532042;
			productRefGroup = CA7C43D325D2A18A00532042 /* Products */;
			projectDirPath = "";
			projectRoot = "";
			targets = (
				CA7C43D125D2A18A00532042 /* 3-Days */,
			);
		};
/* End PBXProject section */

/* Begin PBXResourcesBuildPhase section */
		CA7C43D025D2A18A00532042 /* Resources */ = {
			isa = PBXResourcesBuildPhase;
			buildActionMask = 2147483647;
			files = (
				CA7C43E225D2A18B00532042 /* LaunchScreen.storyboard in Resources */,
				CA7C43DF25D2A18B00532042 /* Assets.xcassets in Resources */,
				CA7C43DD25D2A18A00532042 /* Main.storyboard in Resources */,
			);
			runOnlyForDeploymentPostprocessing = 0;
		};
/* End PBXResourcesBuildPhase section */

/* Begin PBXSourcesBuildPhase section */
		CA7C43CE25D2A18A00532042 /* Sources */ = {
			isa = PBXSourcesBuildPhase;
			buildActionMask = 2147483647;
			files = (
				CA7C43DA25D2A18A00532042 /* ViewController.swift in Sources */,
				CA7C43D625D2A18A00532042 /* AppDelegate.swift in Sources */,
				CA7C43D825D2A18A00532042 /* SceneDelegate.swift in Sources */,
				CA7C43EB25D2AA9700532042 /* Util.swift in Sources */,
				CA1E530525D5449100E14FA3 /* Settings.swift in Sources */,
			);
			runOnlyForDeploymentPostprocessing = 0;
		};
/* End PBXSourcesBuildPhase section */

/* Begin PBXVariantGroup section */
		CA7C43DB25D2A18A00532042 /* Main.storyboard */ = {
			isa = PBXVariantGroup;
			children = (
				CA7C43DC25D2A18A00532042 /* Base */,
			);
			name = Main.storyboard;
			sourceTree = "<group>";
		};
		CA7C43E025D2A18B00532042 /* LaunchScreen.storyboard */ = {
			isa = PBXVariantGroup;
			children = (
				CA7C43E125D2A18B00532042 /* Base */,
			);
			name = LaunchScreen.storyboard;
			sourceTree = "<group>";
		};
/* End PBXVariantGroup section */

/* Begin XCBuildConfiguration section */
		CA7C43E425D2A18B00532042 /* Debug */ = {
			isa = XCBuildConfiguration;
			buildSettings = {
				ALWAYS_SEARCH_USER_PATHS = NO;
				CLANG_ANALYZER_NONNULL = YES;
				CLANG_ANALYZER_NUMBER_OBJECT_CONVERSION = YES_AGGRESSIVE;
				CLANG_CXX_LANGUAGE_STANDARD = "gnu++14";
				CLANG_CXX_LIBRARY = "libc++";
				CLANG_ENABLE_MODULES = YES;
				CLANG_ENABLE_OBJC_ARC = YES;
				CLANG_ENABLE_OBJC_WEAK = YES;
				CLANG_WARN_BLOCK_CAPTURE_AUTORELEASING = YES;
				CLANG_WARN_BOOL_CONVERSION = YES;
				CLANG_WARN_COMMA = YES;
				CLANG_WARN_CONSTANT_CONVERSION = YES;
				CLANG_WARN_DEPRECATED_OBJC_IMPLEMENTATIONS = YES;
				CLANG_WARN_DIRECT_OBJC_ISA_USAGE = YES_ERROR;
				CLANG_WARN_DOCUMENTATION_COMMENTS = YES;
				CLANG_WARN_EMPTY_BODY = YES;
				CLANG_WARN_ENUM_CONVERSION = YES;
				CLANG_WARN_INFINITE_RECURSION = YES;
				CLANG_WARN_INT_CONVERSION = YES;
				CLANG_WARN_NON_LITERAL_NULL_CONVERSION = YES;
				CLANG_WARN_OBJC_IMPLICIT_RETAIN_SELF = YES;
				CLANG_WARN_OBJC_LITERAL_CONVERSION = YES;
				CLANG_WARN_OBJC_ROOT_CLASS = YES_ERROR;
				CLANG_WARN_QUOTED_INCLUDE_IN_FRAMEWORK_HEADER = YES;
				CLANG_WARN_RANGE_LOOP_ANALYSIS = YES;
				CLANG_WARN_STRICT_PROTOTYPES = YES;
				CLANG_WARN_SUSPICIOUS_MOVE = YES;
				CLANG_WARN_UNGUARDED_AVAILABILITY = YES_AGGRESSIVE;
				CLANG_WARN_UNREACHABLE_CODE = YES;
				CLANG_WARN__DUPLICATE_METHOD_MATCH = YES;
				COPY_PHASE_STRIP = NO;
				DEBUG_INFORMATION_FORMAT = dwarf;
				ENABLE_STRICT_OBJC_MSGSEND = YES;
				ENABLE_TESTABILITY = YES;
				GCC_C_LANGUAGE_STANDARD = gnu11;
				GCC_DYNAMIC_NO_PIC = NO;
				GCC_NO_COMMON_BLOCKS = YES;
				GCC_OPTIMIZATION_LEVEL = 0;
				GCC_PREPROCESSOR_DEFINITIONS = (
					"DEBUG=1",
					"$(inherited)",
				);
				GCC_WARN_64_TO_32_BIT_CONVERSION = YES;
				GCC_WARN_ABOUT_RETURN_TYPE = YES_ERROR;
				GCC_WARN_UNDECLARED_SELECTOR = YES;
				GCC_WARN_UNINITIALIZED_AUTOS = YES_AGGRESSIVE;
				GCC_WARN_UNUSED_FUNCTION = YES;
				GCC_WARN_UNUSED_VARIABLE = YES;
				IPHONEOS_DEPLOYMENT_TARGET = 14.4;
				MTL_ENABLE_DEBUG_INFO = INCLUDE_SOURCE;
				MTL_FAST_MATH = YES;
				ONLY_ACTIVE_ARCH = YES;
				SDKROOT = iphoneos;
				SWIFT_ACTIVE_COMPILATION_CONDITIONS = DEBUG;
				SWIFT_OPTIMIZATION_LEVEL = "-Onone";
			};
			name = Debug;
		};
		CA7C43E525D2A18B00532042 /* Release */ = {
			isa = XCBuildConfiguration;
			buildSettings = {
				ALWAYS_SEARCH_USER_PATHS = NO;
				CLANG_ANALYZER_NONNULL = YES;
				CLANG_ANALYZER_NUMBER_OBJECT_CONVERSION = YES_AGGRESSIVE;
				CLANG_CXX_LANGUAGE_STANDARD = "gnu++14";
				CLANG_CXX_LIBRARY = "libc++";
				CLANG_ENABLE_MODULES = YES;
				CLANG_ENABLE_OBJC_ARC = YES;
				CLANG_ENABLE_OBJC_WEAK = YES;
				CLANG_WARN_BLOCK_CAPTURE_AUTORELEASING = YES;
				CLANG_WARN_BOOL_CONVERSION = YES;
				CLANG_WARN_COMMA = YES;
				CLANG_WARN_CONSTANT_CONVERSION = YES;
				CLANG_WARN_DEPRECATED_OBJC_IMPLEMENTATIONS = YES;
				CLANG_WARN_DIRECT_OBJC_ISA_USAGE = YES_ERROR;
				CLANG_WARN_DOCUMENTATION_COMMENTS = YES;
				CLANG_WARN_EMPTY_BODY = YES;
				CLANG_WARN_ENUM_CONVERSION = YES;
				CLANG_WARN_INFINITE_RECURSION = YES;
				CLANG_WARN_INT_CONVERSION = YES;
				CLANG_WARN_NON_LITERAL_NULL_CONVERSION = YES;
				CLANG_WARN_OBJC_IMPLICIT_RETAIN_SELF = YES;
				CLANG_WARN_OBJC_LITERAL_CONVERSION = YES;
				CLANG_WARN_OBJC_ROOT_CLASS = YES_ERROR;
				CLANG_WARN_QUOTED_INCLUDE_IN_FRAMEWORK_HEADER = YES;
				CLANG_WARN_RANGE_LOOP_ANALYSIS = YES;
				CLANG_WARN_STRICT_PROTOTYPES = YES;
				CLANG_WARN_SUSPICIOUS_MOVE = YES;
				CLANG_WARN_UNGUARDED_AVAILABILITY = YES_AGGRESSIVE;
				CLANG_WARN_UNREACHABLE_CODE = YES;
				CLANG_WARN__DUPLICATE_METHOD_MATCH = YES;
				COPY_PHASE_STRIP = NO;
				DEBUG_INFORMATION_FORMAT = "dwarf-with-dsym";
				ENABLE_NS_ASSERTIONS = NO;
				ENABLE_STRICT_OBJC_MSGSEND = YES;
				GCC_C_LANGUAGE_STANDARD = gnu11;
				GCC_NO_COMMON_BLOCKS = YES;
				GCC_WARN_64_TO_32_BIT_CONVERSION = YES;
				GCC_WARN_ABOUT_RETURN_TYPE = YES_ERROR;
				GCC_WARN_UNDECLARED_SELECTOR = YES;
				GCC_WARN_UNINITIALIZED_AUTOS = YES_AGGRESSIVE;
				GCC_WARN_UNUSED_FUNCTION = YES;
				GCC_WARN_UNUSED_VARIABLE = YES;
				IPHONEOS_DEPLOYMENT_TARGET = 14.4;
				MTL_ENABLE_DEBUG_INFO = NO;
				MTL_FAST_MATH = YES;
				SDKROOT = iphoneos;
				SWIFT_COMPILATION_MODE = wholemodule;
				SWIFT_OPTIMIZATION_LEVEL = "-O";
				VALIDATE_PRODUCT = YES;
			};
			name = Release;
		};
		CA7C43E725D2A18B00532042 /* Debug */ = {
			isa = XCBuildConfiguration;
			buildSettings = {
				ASSETCATALOG_COMPILER_APPICON_NAME = AppIcon;
				ASSETCATALOG_COMPILER_GLOBAL_ACCENT_COLOR_NAME = AccentColor;
				CODE_SIGN_STYLE = Automatic;
				DEVELOPMENT_TEAM = CQQ7DNWBD2;
				INFOPLIST_FILE = "3-Days/Info.plist";
				LD_RUNPATH_SEARCH_PATHS = (
					"$(inherited)",
					"@executable_path/Frameworks",
				);
				PRODUCT_BUNDLE_IDENTIFIER = "com.works.--Days";
				PRODUCT_NAME = "$(TARGET_NAME)";
				SWIFT_VERSION = 5.0;
				TARGETED_DEVICE_FAMILY = "1,2";
			};
			name = Debug;
		};
		CA7C43E825D2A18B00532042 /* Release */ = {
			isa = XCBuildConfiguration;
			buildSettings = {
				ASSETCATALOG_COMPILER_APPICON_NAME = AppIcon;
				ASSETCATALOG_COMPILER_GLOBAL_ACCENT_COLOR_NAME = AccentColor;
				CODE_SIGN_STYLE = Automatic;
				DEVELOPMENT_TEAM = CQQ7DNWBD2;
				INFOPLIST_FILE = "3-Days/Info.plist";
				LD_RUNPATH_SEARCH_PATHS = (
					"$(inherited)",
					"@executable_path/Frameworks",
				);
				PRODUCT_BUNDLE_IDENTIFIER = "com.works.--Days";
				PRODUCT_NAME = "$(TARGET_NAME)";
				SWIFT_VERSION = 5.0;
				TARGETED_DEVICE_FAMILY = "1,2";
			};
			name = Release;
		};
/* End XCBuildConfiguration section */

/* Begin XCConfigurationList section */
		CA7C43CD25D2A18A00532042 /* Build configuration list for PBXProject "3-Days" */ = {
			isa = XCConfigurationList;
			buildConfigurations = (
				CA7C43E425D2A18B00532042 /* Debug */,
				CA7C43E525D2A18B00532042 /* Release */,
			);
			defaultConfigurationIsVisible = 0;
			defaultConfigurationName = Release;
		};
		CA7C43E625D2A18B00532042 /* Build configuration list for PBXNativeTarget "3-Days" */ = {
			isa = XCConfigurationList;
			buildConfigurations = (
				CA7C43E725D2A18B00532042 /* Debug */,
				CA7C43E825D2A18B00532042 /* Release */,
			);
			defaultConfigurationIsVisible = 0;
			defaultConfigurationName = Release;
		};
/* End XCConfigurationList section */
	};
	rootObject = CA7C43CA25D2A18A00532042 /* Project object */;
}
